
Microsoft Visual Studio Solution File, Format Version 12.00
# Visual Studio Version 17
VisualStudioVersion = 17.4.33213.308
MinimumVisualStudioVersion = 10.0.40219.1
Project("{2150E333-8FDC-42A3-9474-1A3956D46DE8}") = "FrontEnd", "FrontEnd", "{D7EF783C-7F86-4D93-B1F4-0F57891E380C}"
EndProject
Project("{FAE04EC0-301F-11D3-BF4B-00C04F79EFBC}") = "Mango.Web", "Mango.Web\Mango.Web.csproj", "{DEC10658-1533-45A0-AF63-B741B0F27AF8}"
EndProject
Project("{2150E333-8FDC-42A3-9474-1A3956D46DE8}") = "Services", "Services", "{9F5EFB4D-2D46-4258-A7D0-CD9C1CA7111A}"
EndProject
Project("{FAE04EC0-301F-11D3-BF4B-00C04F79EFBC}") = "Mango.Services.ProductAPI", "Mango.Services.ProductAPI\Mango.Services.ProductAPI.csproj", "{4209A5EE-A712-4829-B1C3-F26FACD294FE}"
EndProject
Global
	GlobalSection(SolutionConfigurationPlatforms) = preSolution
		Debug|Any CPU = Debug|Any CPU
		Release|Any CPU = Release|Any CPU
	EndGlobalSection
	GlobalSection(ProjectConfigurationPlatforms) = postSolution
		{DEC10658-1533-45A0-AF63-B741B0F27AF8}.Debug|Any CPU.ActiveCfg = Debug|Any CPU
		{DEC10658-1533-45A0-AF63-B741B0F27AF8}.Debug|Any CPU.Build.0 = Debug|Any CPU
		{DEC10658-1533-45A0-AF63-B741B0F27AF8}.Release|Any CPU.ActiveCfg = Release|Any CPU
		{DEC10658-1533-45A0-AF63-B741B0F27AF8}.Release|Any CPU.Build.0 = Release|Any CPU
		{4209A5EE-A712-4829-B1C3-F26FACD294FE}.Debug|Any CPU.ActiveCfg = Debug|Any CPU
		{4209A5EE-A712-4829-B1C3-F26FACD294FE}.Debug|Any CPU.Build.0 = Debug|Any CPU
		{4209A5EE-A712-4829-B1C3-F26FACD294FE}.Release|Any CPU.ActiveCfg = Release|Any CPU
		{4209A5EE-A712-4829-B1C3-F26FACD294FE}.Release|Any CPU.Build.0 = Release|Any CPU
	EndGlobalSection
	GlobalSection(SolutionProperties) = preSolution
		HideSolutionNode = FALSE
	EndGlobalSection
	GlobalSection(NestedProjects) = preSolution
		{DEC10658-1533-45A0-AF63-B741B0F27AF8} = {D7EF783C-7F86-4D93-B1F4-0F57891E380C}
		{4209A5EE-A712-4829-B1C3-F26FACD294FE} = {9F5EFB4D-2D46-4258-A7D0-CD9C1CA7111A}
	EndGlobalSection
	GlobalSection(ExtensibilityGlobals) = postSolution
		SolutionGuid = {78010238-206D-4116-9316-BE2F9D904176}
	EndGlobalSection
EndGlobal
